
Microsoft Visual Studio Solution File, Format Version 12.00
# Visual Studio Version 16
VisualStudioVersion = 16.0.29215.179
MinimumVisualStudioVersion = 10.0.40219.1
Project("{9A19103F-16F7-4668-BE54-9A1E7A4F7556}") = "SSIMediator", "SSIMediator\SSIMediator.csproj", "{D190F09A-444B-4172-B5F7-B1360E8AED16}"
EndProject
Project("{9A19103F-16F7-4668-BE54-9A1E7A4F7556}") = "Hyperledger.Aries.Routing.Mediator", "Hyperledger.Aries.Routing.Mediator\Hyperledger.Aries.Routing.Mediator.csproj", "{16A473D8-AA48-4B34-9093-F739B4A02D3B}"
EndProject
Global
	GlobalSection(SolutionConfigurationPlatforms) = preSolution
		Debug|Any CPU = Debug|Any CPU
		Release|Any CPU = Release|Any CPU
	EndGlobalSection
	GlobalSection(ProjectConfigurationPlatforms) = postSolution
		{D190F09A-444B-4172-B5F7-B1360E8AED16}.Debug|Any CPU.ActiveCfg = Debug|Any CPU
		{D190F09A-444B-4172-B5F7-B1360E8AED16}.Debug|Any CPU.Build.0 = Debug|Any CPU
		{D190F09A-444B-4172-B5F7-B1360E8AED16}.Release|Any CPU.ActiveCfg = Release|Any CPU
		{D190F09A-444B-4172-B5F7-B1360E8AED16}.Release|Any CPU.Build.0 = Release|Any CPU
		{16A473D8-AA48-4B34-9093-F739B4A02D3B}.Debug|Any CPU.ActiveCfg = Debug|Any CPU
		{16A473D8-AA48-4B34-9093-F739B4A02D3B}.Debug|Any CPU.Build.0 = Debug|Any CPU
		{16A473D8-AA48-4B34-9093-F739B4A02D3B}.Release|Any CPU.ActiveCfg = Release|Any CPU
		{16A473D8-AA48-4B34-9093-F739B4A02D3B}.Release|Any CPU.Build.0 = Release|Any CPU
	EndGlobalSection
	GlobalSection(SolutionProperties) = preSolution
		HideSolutionNode = FALSE
	EndGlobalSection
	GlobalSection(ExtensibilityGlobals) = postSolution
		SolutionGuid = {99391517-1DBC-4134-B812-B09E621A8807}
	EndGlobalSection
EndGlobal
